
Microsoft Visual Studio Solution File, Format Version 12.00
# Visual Studio Version 16
VisualStudioVersion = 16.0.29123.88
MinimumVisualStudioVersion = 10.0.40219.1
Project("{FAE04EC0-301F-11D3-BF4B-00C04F79EFBC}") = "MySchool", "MySchool.csproj", "{AB630E25-35F4-47DC-B664-E5ABAB6080B4}"
EndProject
Project("{FAE04EC0-301F-11D3-BF4B-00C04F79EFBC}") = "DataSetDemo", "..\DataSetDemo\DataSetDemo.csproj", "{5B87206C-EDF8-47FD-B505-91E5F1F17483}"
EndProject
Global
	GlobalSection(SolutionConfigurationPlatforms) = preSolution
		Debug|Any CPU = Debug|Any CPU
		Release|Any CPU = Release|Any CPU
	EndGlobalSection
	GlobalSection(ProjectConfigurationPlatforms) = postSolution
		{AB630E25-35F4-47DC-B664-E5ABAB6080B4}.Debug|Any CPU.ActiveCfg = Debug|Any CPU
		{AB630E25-35F4-47DC-B664-E5ABAB6080B4}.Debug|Any CPU.Build.0 = Debug|Any CPU
		{AB630E25-35F4-47DC-B664-E5ABAB6080B4}.Release|Any CPU.ActiveCfg = Release|Any CPU
		{AB630E25-35F4-47DC-B664-E5ABAB6080B4}.Release|Any CPU.Build.0 = Release|Any CPU
		{5B87206C-EDF8-47FD-B505-91E5F1F17483}.Debug|Any CPU.ActiveCfg = Debug|Any CPU
		{5B87206C-EDF8-47FD-B505-91E5F1F17483}.Debug|Any CPU.Build.0 = Debug|Any CPU
		{5B87206C-EDF8-47FD-B505-91E5F1F17483}.Release|Any CPU.ActiveCfg = Release|Any CPU
		{5B87206C-EDF8-47FD-B505-91E5F1F17483}.Release|Any CPU.Build.0 = Release|Any CPU
	EndGlobalSection
	GlobalSection(SolutionProperties) = preSolution
		HideSolutionNode = FALSE
	EndGlobalSection
	GlobalSection(ExtensibilityGlobals) = postSolution
		SolutionGuid = {057FE20E-30A9-4675-89C3-05DE12D45EEF}
	EndGlobalSection
EndGlobal
